schema: '2.0'
stages:
  data_ingestion:
    cmd: python src/data/data_ingestion.py
    deps:
    - path: src/data/data_ingestion.py
      hash: md5
      md5: ee08a4c31ae467cebbcce70b5cc5491a
      size: 3545
    params:
      params.yaml:
        data_ingestion.test_size: 0.2
    outs:
    - path: data/raw
      hash: md5
      md5: fb326d2eec197669f9638afde28356bf.dir
      size: 827973
      nfiles: 2
  data_preprocessing:
    cmd: python src/data/data_preprocessing.py
    deps:
    - path: data/raw
      hash: md5
      md5: fb326d2eec197669f9638afde28356bf.dir
      size: 827973
      nfiles: 2
    - path: src/data/data_preprocessing.py
      hash: md5
      md5: c1e18bf95fcc1e3d80cae9ee7c4a6383
      size: 4014
    outs:
    - path: data/interim
      hash: md5
      md5: ef37afd17951ea8af23114b28d26f784.dir
      size: 566210
      nfiles: 2
  feature_engineering:
    cmd: python src/features/feature_engineering.py
    deps:
    - path: data/interim
      hash: md5
      md5: ef37afd17951ea8af23114b28d26f784.dir
      size: 566210
      nfiles: 2
    - path: src/features/feature_engineering.py
      hash: md5
      md5: f249c9a75a2003c7e04cf13b78f2028d
      size: 3886
    params:
      params.yaml:
        feature_engineering.max_features: 50
    outs:
    - path: data/processed
      hash: md5
      md5: 379bcf7ec6ffa4c35b4bb11d624edc37.dir
      size: 2328494
      nfiles: 2
  model_building:
    cmd: python src/model/model_building.py
    deps:
    - path: data/processed
      hash: md5
      md5: 379bcf7ec6ffa4c35b4bb11d624edc37.dir
      size: 2328494
      nfiles: 2
    - path: src/model/model_building.py
      hash: md5
      md5: d6aa907972f9b577c1d0dffbe4fb7d83
      size: 2375
    params:
      params.yaml:
        model_building.learning_rate: 0.1
        model_building.n_estimators: 25
    outs:
    - path: models/model.pkl
      hash: md5
      md5: 0a1c3a15d84a747cfd0173281b4a597d
      size: 1108
  model_evaluation:
    cmd: python src/model/model_evaluation.py
    deps:
    - path: models/model.pkl
      hash: md5
      md5: 0a1c3a15d84a747cfd0173281b4a597d
      size: 1108
    - path: src/model/model_evaluation.py
      hash: md5
      md5: c790ebd488e0e50840e8a2e6fdb3cdf5
      size: 3369
    outs:
    - path: reports/metrics.json
      hash: md5
      md5: 24d2c1a5ee8fd703de0523c3c4a14308
      size: 145
